<Solution>
  <Folder Name="/Solution Items/">
    <File Path="docker-compose.yml" />
  </Folder>
  <Folder Name="/src/">
    <Project Path="ECommerceSaga.Order.API/ECommerceSaga.Order.API.csproj" />
    <Project Path="ECommerceSaga.Order.Infrastructure/ECommerceSaga.Order.Infrastructure.csproj" />
    <Project Path="ECommerceSaga.Shared.Contracts/ECommerceSaga.Shared.Contracts.csproj" />
  </Folder>
</Solution>
